
Microsoft Visual Studio Solution File, Format Version 12.00
# Visual Studio Version 17
VisualStudioVersion = 17.5.33516.290
MinimumVisualStudioVersion = 10.0.40219.1
Project("{2150E333-8FDC-42A3-9474-1A3956D46DE8}") = "SRC", "SRC", "{A7960DF2-CC16-447D-96AD-222683ABCCA2}"
EndProject
Project("{2150E333-8FDC-42A3-9474-1A3956D46DE8}") = "Docs", "Docs", "{F3323EF3-0BB9-4937-A2E3-A4BFF1D6B7D1}"
EndProject
Project("{9A19103F-16F7-4668-BE54-9A1E7A4F7556}") = "Gitblazor.UI", "SRC\Gitblazor.UI\Gitblazor.UI.csproj", "{9E8896D7-5931-4F22-B759-3C9D6D833753}"
EndProject
Project("{9A19103F-16F7-4668-BE54-9A1E7A4F7556}") = "Gitblazor.Shared", "SRC\Gitblazor.Shared\Gitblazor.Shared.csproj", "{97D7E206-CA18-4E1B-8C34-53B0090DE780}"
EndProject
Global
	GlobalSection(SolutionConfigurationPlatforms) = preSolution
		Debug|Any CPU = Debug|Any CPU
		Release|Any CPU = Release|Any CPU
	EndGlobalSection
	GlobalSection(ProjectConfigurationPlatforms) = postSolution
		{9E8896D7-5931-4F22-B759-3C9D6D833753}.Debug|Any CPU.ActiveCfg = Debug|Any CPU
		{9E8896D7-5931-4F22-B759-3C9D6D833753}.Debug|Any CPU.Build.0 = Debug|Any CPU
		{9E8896D7-5931-4F22-B759-3C9D6D833753}.Release|Any CPU.ActiveCfg = Release|Any CPU
		{9E8896D7-5931-4F22-B759-3C9D6D833753}.Release|Any CPU.Build.0 = Release|Any CPU
		{97D7E206-CA18-4E1B-8C34-53B0090DE780}.Debug|Any CPU.ActiveCfg = Debug|Any CPU
		{97D7E206-CA18-4E1B-8C34-53B0090DE780}.Debug|Any CPU.Build.0 = Debug|Any CPU
		{97D7E206-CA18-4E1B-8C34-53B0090DE780}.Release|Any CPU.ActiveCfg = Release|Any CPU
		{97D7E206-CA18-4E1B-8C34-53B0090DE780}.Release|Any CPU.Build.0 = Release|Any CPU
	EndGlobalSection
	GlobalSection(SolutionProperties) = preSolution
		HideSolutionNode = FALSE
	EndGlobalSection
	GlobalSection(NestedProjects) = preSolution
		{9E8896D7-5931-4F22-B759-3C9D6D833753} = {A7960DF2-CC16-447D-96AD-222683ABCCA2}
		{97D7E206-CA18-4E1B-8C34-53B0090DE780} = {A7960DF2-CC16-447D-96AD-222683ABCCA2}
	EndGlobalSection
	GlobalSection(ExtensibilityGlobals) = postSolution
		SolutionGuid = {EE65842D-491E-4AAC-98D6-49B49AA34132}
	EndGlobalSection
EndGlobal
